
Microsoft Visual Studio Solution File, Format Version 12.00
# Visual Studio Version 17
VisualStudioVersion = 17.8.34511.84
MinimumVisualStudioVersion = 10.0.40219.1
Project("{9A19103F-16F7-4668-BE54-9A1E7A4F7556}") = "ApartmentManagementSystem.API", "ApartmentManagementSystem.API\ApartmentManagementSystem.API.csproj", "{FE4C454F-8112-4936-A748-19B1B66C7790}"
EndProject
Project("{FAE04EC0-301F-11D3-BF4B-00C04F79EFBC}") = "ApartmentManagementSystem.Repository", "ApartmentManagementSystem.Repository\ApartmentManagementSystem.Repository.csproj", "{F45A18D3-7DAC-42BF-A5CB-4F5082373628}"
EndProject
Project("{FAE04EC0-301F-11D3-BF4B-00C04F79EFBC}") = "ApartmentManagementSystem.Service", "ApartmentManagementSystem.Service\ApartmentManagementSystem.Service.csproj", "{CEDA8E40-4B9E-44F0-8020-AAC90D445135}"
EndProject
Global
	GlobalSection(SolutionConfigurationPlatforms) = preSolution
		Debug|Any CPU = Debug|Any CPU
		Release|Any CPU = Release|Any CPU
	EndGlobalSection
	GlobalSection(ProjectConfigurationPlatforms) = postSolution
		{FE4C454F-8112-4936-A748-19B1B66C7790}.Debug|Any CPU.ActiveCfg = Debug|Any CPU
		{FE4C454F-8112-4936-A748-19B1B66C7790}.Debug|Any CPU.Build.0 = Debug|Any CPU
		{FE4C454F-8112-4936-A748-19B1B66C7790}.Release|Any CPU.ActiveCfg = Release|Any CPU
		{FE4C454F-8112-4936-A748-19B1B66C7790}.Release|Any CPU.Build.0 = Release|Any CPU
		{F45A18D3-7DAC-42BF-A5CB-4F5082373628}.Debug|Any CPU.ActiveCfg = Debug|Any CPU
		{F45A18D3-7DAC-42BF-A5CB-4F5082373628}.Debug|Any CPU.Build.0 = Debug|Any CPU
		{F45A18D3-7DAC-42BF-A5CB-4F5082373628}.Release|Any CPU.ActiveCfg = Release|Any CPU
		{F45A18D3-7DAC-42BF-A5CB-4F5082373628}.Release|Any CPU.Build.0 = Release|Any CPU
		{CEDA8E40-4B9E-44F0-8020-AAC90D445135}.Debug|Any CPU.ActiveCfg = Debug|Any CPU
		{CEDA8E40-4B9E-44F0-8020-AAC90D445135}.Debug|Any CPU.Build.0 = Debug|Any CPU
		{CEDA8E40-4B9E-44F0-8020-AAC90D445135}.Release|Any CPU.ActiveCfg = Release|Any CPU
		{CEDA8E40-4B9E-44F0-8020-AAC90D445135}.Release|Any CPU.Build.0 = Release|Any CPU
	EndGlobalSection
	GlobalSection(SolutionProperties) = preSolution
		HideSolutionNode = FALSE
	EndGlobalSection
	GlobalSection(ExtensibilityGlobals) = postSolution
		SolutionGuid = {E1998D24-79AF-4233-A2D2-2B541BB536B2}
	EndGlobalSection
EndGlobal
